
Microsoft Visual Studio Solution File, Format Version 12.00
# Visual Studio Version 16
VisualStudioVersion = 16.0.29920.165
MinimumVisualStudioVersion = 10.0.40219.1
Project("{FAE04EC0-301F-11D3-BF4B-00C04F79EFBC}") = "ConsoleUI", "ConsoleUI\ConsoleUI.csproj", "{C08DDFA4-41F2-43BF-8999-3F4ECDAA4FBC}"
EndProject
Global
	GlobalSection(SolutionConfigurationPlatforms) = preSolution
		Debug|Any CPU = Debug|Any CPU
		Release|Any CPU = Release|Any CPU
	EndGlobalSection
	GlobalSection(ProjectConfigurationPlatforms) = postSolution
		{C08DDFA4-41F2-43BF-8999-3F4ECDAA4FBC}.Debug|Any CPU.ActiveCfg = Debug|Any CPU
		{C08DDFA4-41F2-43BF-8999-3F4ECDAA4FBC}.Debug|Any CPU.Build.0 = Debug|Any CPU
		{C08DDFA4-41F2-43BF-8999-3F4ECDAA4FBC}.Release|Any CPU.ActiveCfg = Release|Any CPU
		{C08DDFA4-41F2-43BF-8999-3F4ECDAA4FBC}.Release|Any CPU.Build.0 = Release|Any CPU
	EndGlobalSection
	GlobalSection(SolutionProperties) = preSolution
		HideSolutionNode = FALSE
	EndGlobalSection
	GlobalSection(ExtensibilityGlobals) = postSolution
		SolutionGuid = {30551F14-438C-4683-A84B-677A0B6F2A86}
	EndGlobalSection
EndGlobal
